
Microsoft Visual Studio Solution File, Format Version 12.00
# Visual Studio 2012
Project("{FAE04EC0-301F-11D3-BF4B-00C04F79EFBC}") = "Software", "Software\Software.csproj", "{41B7979C-5739-464C-A7B2-2EC5816F7704}"
EndProject
Global
	GlobalSection(SolutionConfigurationPlatforms) = preSolution
		Debug|Any CPU = Debug|Any CPU
		Release|Any CPU = Release|Any CPU
	EndGlobalSection
	GlobalSection(ProjectConfigurationPlatforms) = postSolution
		{41B7979C-5739-464C-A7B2-2EC5816F7704}.Debug|Any CPU.ActiveCfg = Debug|Any CPU
		{41B7979C-5739-464C-A7B2-2EC5816F7704}.Debug|Any CPU.Build.0 = Debug|Any CPU
		{41B7979C-5739-464C-A7B2-2EC5816F7704}.Release|Any CPU.ActiveCfg = Release|Any CPU
		{41B7979C-5739-464C-A7B2-2EC5816F7704}.Release|Any CPU.Build.0 = Release|Any CPU
	EndGlobalSection
	GlobalSection(SolutionProperties) = preSolution
		HideSolutionNode = FALSE
	EndGlobalSection
EndGlobal
